# This file is generated by running "yarn install" inside your project.
# Manual changes might be lost - proceed with caution!

__metadata:
  version: 8
  cacheKey: 10c0

"@ljharb/resumer@npm:~0.0.1":
  version: 0.0.1
  resolution: "@ljharb/resumer@npm:0.0.1"
  dependencies:
    "@ljharb/through": "npm:^2.3.9"
  checksum: 94fbd5afa92df97cef9c149f74338b521e23297aba74a5ad87d34ee5717877f496379f502698ac04b3db24601f05c971d1824579cd6011b9e011d7e20af552b2
  languageName: node
  linkType: hard

"@ljharb/through@npm:^2.3.9, @ljharb/through@npm:~2.3.9":
  version: 2.3.11
  resolution: "@ljharb/through@npm:2.3.11"
  dependencies:
    call-bind: "npm:^1.0.2"
  checksum: 19cdaa9e4ba16aea9bb9dafbdd1c111febc0e5ce07b0959b049d7fda8a7247726603bb06b391f2d57227cf4ad081636d6f9e08dc138813225d54a6c81a04b679
  languageName: node
  linkType: hard

"array-buffer-byte-length@npm:^1.0.0":
  version: 1.0.0
  resolution: "array-buffer-byte-length@npm:1.0.0"
  dependencies:
    call-bind: "npm:^1.0.2"
    is-array-buffer: "npm:^3.0.1"
  checksum: 12f84f6418b57a954caa41654e5e63e019142a4bbb2c6829ba86d1ba65d31ccfaf1461d1743556fd32b091fac34ff44d9dfbdb001402361c45c373b2c86f5c20
  languageName: node
  linkType: hard

"array-source@npm:0.0":
  version: 0.0.4
  resolution: "array-source@npm:0.0.4"
  checksum: 05176f3df2ed37e1b9a685d87e158a0299f4aed5587406db23cb335a4ff0e556a7672ba34c94d5c1d30906355ee1d764ab5617419cb8daf147d081c091c29f98
  languageName: node
  linkType: hard

"arraybuffer.prototype.slice@npm:^1.0.2":
  version: 1.0.2
  resolution: "arraybuffer.prototype.slice@npm:1.0.2"
  dependencies:
    array-buffer-byte-length: "npm:^1.0.0"
    call-bind: "npm:^1.0.2"
    define-properties: "npm:^1.2.0"
    es-abstract: "npm:^1.22.1"
    get-intrinsic: "npm:^1.2.1"
    is-array-buffer: "npm:^3.0.2"
    is-shared-array-buffer: "npm:^1.0.2"
  checksum: 96b6e40e439678ffb7fa266398510074d33c3980fbb475490b69980cca60adec3b0777047ef377068a29862157f83edef42efc64ce48ce38977d04d68de5b7fb
  languageName: node
  linkType: hard

"available-typed-arrays@npm:^1.0.5":
  version: 1.0.5
  resolution: "available-typed-arrays@npm:1.0.5"
  checksum: c4df567ca72d2754a6cbad20088f5f98b1065b3360178169fa9b44ea101af62c0f423fc3854fa820fd6895b6b9171b8386e71558203103ff8fc2ad503fdcc660
  languageName: node
  linkType: hard

"balanced-match@npm:^1.0.0":
  version: 1.0.2
  resolution: "balanced-match@npm:1.0.2"
  checksum: 9308baf0a7e4838a82bbfd11e01b1cb0f0cf2893bc1676c27c2a8c0e70cbae1c59120c3268517a8ae7fb6376b4639ef81ca22582611dbee4ed28df945134aaee
  languageName: node
  linkType: hard

"brace-expansion@npm:^1.1.7":
  version: 1.1.11
  resolution: "brace-expansion@npm:1.1.11"
  dependencies:
    balanced-match: "npm:^1.0.0"
    concat-map: "npm:0.0.1"
  checksum: 695a56cd058096a7cb71fb09d9d6a7070113c7be516699ed361317aca2ec169f618e28b8af352e02ab4233fb54eb0168460a40dc320bab0034b36ab59aaad668
  languageName: node
  linkType: hard

"builtin-modules@npm:^2.0.0":
  version: 2.0.0
  resolution: "builtin-modules@npm:2.0.0"
  checksum: e012c47b6add298e23dc2ca7cf12cf330392df176922514c91dce6749266a8ce0457177386c34fa6600d12b1e0166fd46a7aca80616e5df773102235cf85a9a2
  languageName: node
  linkType: hard

"call-bind@npm:^1.0.0, call-bind@npm:^1.0.2, call-bind@npm:^1.0.4, call-bind@npm:^1.0.5, call-bind@npm:~1.0.2":
  version: 1.0.5
  resolution: "call-bind@npm:1.0.5"
  dependencies:
    function-bind: "npm:^1.1.2"
    get-intrinsic: "npm:^1.2.1"
    set-function-length: "npm:^1.1.1"
  checksum: a6172c168fd6dacf744fcde745099218056bd755c50415b592655dcd6562157ed29f130f56c3f6db2250f67e4bd62e5c218cdc56d7bfd76e0bda50770fce2d10
  languageName: node
  linkType: hard

"commander@npm:2":
  version: 2.20.3
  resolution: "commander@npm:2.20.3"
  checksum: 74c781a5248c2402a0a3e966a0a2bba3c054aad144f5c023364be83265e796b20565aa9feff624132ff629aa64e16999fa40a743c10c12f7c61e96a794b99288
  languageName: node
  linkType: hard

"concat-map@npm:0.0.1":
  version: 0.0.1
  resolution: "concat-map@npm:0.0.1"
  checksum: c996b1cfdf95b6c90fee4dae37e332c8b6eb7d106430c17d538034c0ad9a1630cb194d2ab37293b1bdd4d779494beee7786d586a50bd9376fd6f7bcc2bd4c98f
  languageName: node
  linkType: hard

"deep-equal@npm:~1.1.1":
  version: 1.1.2
  resolution: "deep-equal@npm:1.1.2"
  dependencies:
    is-arguments: "npm:^1.1.1"
    is-date-object: "npm:^1.0.5"
    is-regex: "npm:^1.1.4"
    object-is: "npm:^1.1.5"
    object-keys: "npm:^1.1.1"
    regexp.prototype.flags: "npm:^1.5.1"
  checksum: cd85d822d18e9b3e1532d0f6ba412d229aa9d22881d70da161674428ae96e47925191296f7cda29306bac252889007da40ed8449363bd1c96c708acb82068a00
  languageName: node
  linkType: hard

"define-data-property@npm:^1.0.1, define-data-property@npm:^1.1.1":
  version: 1.1.1
  resolution: "define-data-property@npm:1.1.1"
  dependencies:
    get-intrinsic: "npm:^1.2.1"
    gopd: "npm:^1.0.1"
    has-property-descriptors: "npm:^1.0.0"
  checksum: 77ef6e0bceb515e05b5913ab635a84d537cee84f8a7c37c77fdcb31fc5b80f6dbe81b33375e4b67d96aa04e6a0d8d4ea099e431d83f089af8d93adfb584bcb94
  languageName: node
  linkType: hard

"define-properties@npm:^1.1.3, define-properties@npm:^1.2.0, define-properties@npm:^1.2.1":
  version: 1.2.1
  resolution: "define-properties@npm:1.2.1"
  dependencies:
    define-data-property: "npm:^1.0.1"
    has-property-descriptors: "npm:^1.0.0"
    object-keys: "npm:^1.1.1"
  checksum: 88a152319ffe1396ccc6ded510a3896e77efac7a1bfbaa174a7b00414a1747377e0bb525d303794a47cf30e805c2ec84e575758512c6e44a993076d29fd4e6c3
  languageName: node
  linkType: hard

"defined@npm:~1.0.1":
  version: 1.0.1
  resolution: "defined@npm:1.0.1"
  checksum: 357212c95fd69c3b431f4766440f1b10a8362d2663b86e3d7c139fe7fc98a1d5a4996b8b55ca62e97fb882f9887374b76944d29f9650a07993d98e7be86a804a
  languageName: node
  linkType: hard

"dotignore@npm:~0.1.2":
  version: 0.1.2
  resolution: "dotignore@npm:0.1.2"
  dependencies:
    minimatch: "npm:^3.0.4"
  bin:
    ignored: bin/ignored
  checksum: 71f25a507cbe88a7dbf07d5108bb0924af39c71a3c5fd83045fc42d5dc1605a23113ba29999b94d964555e6e6be2980caa8da3711cfa31a6b6d88c184b1ab181
  languageName: node
  linkType: hard

"es-abstract@npm:^1.22.1":
  version: 1.22.3
  resolution: "es-abstract@npm:1.22.3"
  dependencies:
    array-buffer-byte-length: "npm:^1.0.0"
    arraybuffer.prototype.slice: "npm:^1.0.2"
    available-typed-arrays: "npm:^1.0.5"
    call-bind: "npm:^1.0.5"
    es-set-tostringtag: "npm:^2.0.1"
    es-to-primitive: "npm:^1.2.1"
    function.prototype.name: "npm:^1.1.6"
    get-intrinsic: "npm:^1.2.2"
    get-symbol-description: "npm:^1.0.0"
    globalthis: "npm:^1.0.3"
    gopd: "npm:^1.0.1"
    has-property-descriptors: "npm:^1.0.0"
    has-proto: "npm:^1.0.1"
    has-symbols: "npm:^1.0.3"
    hasown: "npm:^2.0.0"
    internal-slot: "npm:^1.0.5"
    is-array-buffer: "npm:^3.0.2"
    is-callable: "npm:^1.2.7"
    is-negative-zero: "npm:^2.0.2"
    is-regex: "npm:^1.1.4"
    is-shared-array-buffer: "npm:^1.0.2"
    is-string: "npm:^1.0.7"
    is-typed-array: "npm:^1.1.12"
    is-weakref: "npm:^1.0.2"
    object-inspect: "npm:^1.13.1"
    object-keys: "npm:^1.1.1"
    object.assign: "npm:^4.1.4"
    regexp.prototype.flags: "npm:^1.5.1"
    safe-array-concat: "npm:^1.0.1"
    safe-regex-test: "npm:^1.0.0"
    string.prototype.trim: "npm:^1.2.8"
    string.prototype.trimend: "npm:^1.0.7"
    string.prototype.trimstart: "npm:^1.0.7"
    typed-array-buffer: "npm:^1.0.0"
    typed-array-byte-length: "npm:^1.0.0"
    typed-array-byte-offset: "npm:^1.0.0"
    typed-array-length: "npm:^1.0.4"
    unbox-primitive: "npm:^1.0.2"
    which-typed-array: "npm:^1.1.13"
  checksum: da31ec43b1c8eb47ba8a17693cac143682a1078b6c3cd883ce0e2062f135f532e93d873694ef439670e1f6ca03195118f43567ba6f33fb0d6c7daae750090236
  languageName: node
  linkType: hard

"es-set-tostringtag@npm:^2.0.1":
  version: 2.0.2
  resolution: "es-set-tostringtag@npm:2.0.2"
  dependencies:
    get-intrinsic: "npm:^1.2.2"
    has-tostringtag: "npm:^1.0.0"
    hasown: "npm:^2.0.0"
  checksum: 176d6bd1be31dd0145dcceee62bb78d4a5db7f81db437615a18308a6f62bcffe45c15081278413455e8cf0aad4ea99079de66f8de389605942dfdacbad74c2d5
  languageName: node
  linkType: hard

"es-to-primitive@npm:^1.2.1":
  version: 1.2.1
  resolution: "es-to-primitive@npm:1.2.1"
  dependencies:
    is-callable: "npm:^1.1.4"
    is-date-object: "npm:^1.0.1"
    is-symbol: "npm:^1.0.2"
  checksum: 0886572b8dc075cb10e50c0af62a03d03a68e1e69c388bd4f10c0649ee41b1fbb24840a1b7e590b393011b5cdbe0144b776da316762653685432df37d6de60f1
  languageName: node
  linkType: hard

"file-source@npm:0.6":
  version: 0.6.1
  resolution: "file-source@npm:0.6.1"
  dependencies:
    stream-source: "npm:0.3"
  checksum: 326a7bae5a2da9cee8ab4a78bb96008197102945b73e9c5cbfc6aa20d271f0d3b7b0fc4dc672064e314ded000d404f6ddbecf1cf0136bdf3acf1670e4130a8a4
  languageName: node
  linkType: hard

"for-each@npm:^0.3.3, for-each@npm:~0.3.3":
  version: 0.3.3
  resolution: "for-each@npm:0.3.3"
  dependencies:
    is-callable: "npm:^1.1.3"
  checksum: 22330d8a2db728dbf003ec9182c2d421fbcd2969b02b4f97ec288721cda63eb28f2c08585ddccd0f77cb2930af8d958005c9e72f47141dc51816127a118f39aa
  languageName: node
  linkType: hard

"fs.realpath@npm:^1.0.0":
  version: 1.0.0
  resolution: "fs.realpath@npm:1.0.0"
  checksum: 444cf1291d997165dfd4c0d58b69f0e4782bfd9149fd72faa4fe299e68e0e93d6db941660b37dd29153bf7186672ececa3b50b7e7249477b03fdf850f287c948
  languageName: node
  linkType: hard

"function-bind@npm:^1.1.2":
  version: 1.1.2
  resolution: "function-bind@npm:1.1.2"
  checksum: d8680ee1e5fcd4c197e4ac33b2b4dce03c71f4d91717292785703db200f5c21f977c568d28061226f9b5900cbcd2c84463646134fd5337e7925e0942bc3f46d5
  languageName: node
  linkType: hard

"function.prototype.name@npm:^1.1.6":
  version: 1.1.6
  resolution: "function.prototype.name@npm:1.1.6"
  dependencies:
    call-bind: "npm:^1.0.2"
    define-properties: "npm:^1.2.0"
    es-abstract: "npm:^1.22.1"
    functions-have-names: "npm:^1.2.3"
  checksum: 9eae11294905b62cb16874adb4fc687927cda3162285e0ad9612e6a1d04934005d46907362ea9cdb7428edce05a2f2c3dabc3b2d21e9fd343e9bb278230ad94b
  languageName: node
  linkType: hard

"functions-have-names@npm:^1.2.3":
  version: 1.2.3
  resolution: "functions-have-names@npm:1.2.3"
  checksum: 33e77fd29bddc2d9bb78ab3eb854c165909201f88c75faa8272e35899e2d35a8a642a15e7420ef945e1f64a9670d6aa3ec744106b2aa42be68ca5114025954ca
  languageName: node
  linkType: hard

"get-intrinsic@npm:^1.0.2, get-intrinsic@npm:^1.1.1, get-intrinsic@npm:^1.1.3, get-intrinsic@npm:^1.2.0, get-intrinsic@npm:^1.2.1, get-intrinsic@npm:^1.2.2":
  version: 1.2.2
  resolution: "get-intrinsic@npm:1.2.2"
  dependencies:
    function-bind: "npm:^1.1.2"
    has-proto: "npm:^1.0.1"
    has-symbols: "npm:^1.0.3"
    hasown: "npm:^2.0.0"
  checksum: 4e7fb8adc6172bae7c4fe579569b4d5238b3667c07931cd46b4eee74bbe6ff6b91329bec311a638d8e60f5b51f44fe5445693c6be89ae88d4b5c49f7ff12db0b
  languageName: node
  linkType: hard

"get-symbol-description@npm:^1.0.0":
  version: 1.0.0
  resolution: "get-symbol-description@npm:1.0.0"
  dependencies:
    call-bind: "npm:^1.0.2"
    get-intrinsic: "npm:^1.1.1"
  checksum: 23bc3b44c221cdf7669a88230c62f4b9e30393b61eb21ba4400cb3e346801bd8f95fe4330ee78dbae37aecd874646d53e3e76a17a654d0c84c77f6690526d6bb
  languageName: node
  linkType: hard

"glob@npm:~7.2.3":
  version: 7.2.3
  resolution: "glob@npm:7.2.3"
  dependencies:
    fs.realpath: "npm:^1.0.0"
    inflight: "npm:^1.0.4"
    inherits: "npm:2"
    minimatch: "npm:^3.1.1"
    once: "npm:^1.3.0"
    path-is-absolute: "npm:^1.0.0"
  checksum: 65676153e2b0c9095100fe7f25a778bf45608eeb32c6048cf307f579649bcc30353277b3b898a3792602c65764e5baa4f643714dfbdfd64ea271d210c7a425fe
  languageName: node
  linkType: hard

"globalthis@npm:^1.0.3":
  version: 1.0.3
  resolution: "globalthis@npm:1.0.3"
  dependencies:
    define-properties: "npm:^1.1.3"
  checksum: 0db6e9af102a5254630351557ac15e6909bc7459d3e3f6b001e59fe784c96d31108818f032d9095739355a88467459e6488ff16584ee6250cd8c27dec05af4b0
  languageName: node
  linkType: hard

"gopd@npm:^1.0.1":
  version: 1.0.1
  resolution: "gopd@npm:1.0.1"
  dependencies:
    get-intrinsic: "npm:^1.1.3"
  checksum: 505c05487f7944c552cee72087bf1567debb470d4355b1335f2c262d218ebbff805cd3715448fe29b4b380bae6912561d0467233e4165830efd28da241418c63
  languageName: node
  linkType: hard

"has-bigints@npm:^1.0.1, has-bigints@npm:^1.0.2":
  version: 1.0.2
  resolution: "has-bigints@npm:1.0.2"
  checksum: 724eb1485bfa3cdff6f18d95130aa190561f00b3fcf9f19dc640baf8176b5917c143b81ec2123f8cddb6c05164a198c94b13e1377c497705ccc8e1a80306e83b
  languageName: node
  linkType: hard

"has-property-descriptors@npm:^1.0.0":
  version: 1.0.1
  resolution: "has-property-descriptors@npm:1.0.1"
  dependencies:
    get-intrinsic: "npm:^1.2.2"
  checksum: d62ba94b40150b00d621bc64a6aedb5bf0ee495308b4b7ed6bac856043db3cdfb1db553ae81cec91c9d2bd82057ff0e94145e7fa25d5aa5985ed32e0921927f6
  languageName: node
  linkType: hard

"has-proto@npm:^1.0.1":
  version: 1.0.1
  resolution: "has-proto@npm:1.0.1"
  checksum: c8a8fe411f810b23a564bd5546a8f3f0fff6f1b692740eb7a2fdc9df716ef870040806891e2f23ff4653f1083e3895bf12088703dd1a0eac3d9202d3a4768cd0
  languageName: node
  linkType: hard

"has-symbols@npm:^1.0.2, has-symbols@npm:^1.0.3":
  version: 1.0.3
  resolution: "has-symbols@npm:1.0.3"
  checksum: e6922b4345a3f37069cdfe8600febbca791c94988c01af3394d86ca3360b4b93928bbf395859158f88099cb10b19d98e3bbab7c9ff2c1bd09cf665ee90afa2c3
  languageName: node
  linkType: hard

"has-tostringtag@npm:^1.0.0":
  version: 1.0.0
  resolution: "has-tostringtag@npm:1.0.0"
  dependencies:
    has-symbols: "npm:^1.0.2"
  checksum: 1cdba76b7d13f65198a92b8ca1560ba40edfa09e85d182bf436d928f3588a9ebd260451d569f0ed1b849c4bf54f49c862aa0d0a77f9552b1855bb6deb526c011
  languageName: node
  linkType: hard

"has@npm:~1.0.3":
  version: 1.0.4
  resolution: "has@npm:1.0.4"
  checksum: 82c1220573dc1f0a014a5d6189ae52a1f820f99dfdc00323c3a725b5002dcb7f04e44f460fea7af068474b2dd7c88cbe1846925c84017be9e31e1708936d305b
  languageName: node
  linkType: hard

"hasown@npm:^2.0.0":
  version: 2.0.0
  resolution: "hasown@npm:2.0.0"
  dependencies:
    function-bind: "npm:^1.1.2"
  checksum: 5d415b114f410661208c95e7ab4879f1cc2765b8daceff4dc8718317d1cb7b9ffa7c5d1eafd9a4389c9aab7445d6ea88e05f3096cb1e529618b55304956b87fc
  languageName: node
  linkType: hard

"inflight@npm:^1.0.4":
  version: 1.0.6
  resolution: "inflight@npm:1.0.6"
  dependencies:
    once: "npm:^1.3.0"
    wrappy: "npm:1"
  checksum: 7faca22584600a9dc5b9fca2cd5feb7135ac8c935449837b315676b4c90aa4f391ec4f42240178244b5a34e8bede1948627fda392ca3191522fc46b34e985ab2
  languageName: node
  linkType: hard

"inherits@npm:2, inherits@npm:~2.0.4":
  version: 2.0.4
  resolution: "inherits@npm:2.0.4"
  checksum: 4e531f648b29039fb7426fb94075e6545faa1eb9fe83c29f0b6d9e7263aceb4289d2d4557db0d428188eeb449cc7c5e77b0a0b2c4e248ff2a65933a0dee49ef2
  languageName: node
  linkType: hard

"internal-slot@npm:^1.0.5":
  version: 1.0.6
  resolution: "internal-slot@npm:1.0.6"
  dependencies:
    get-intrinsic: "npm:^1.2.2"
    hasown: "npm:^2.0.0"
    side-channel: "npm:^1.0.4"
  checksum: aa37cafc8ffbf513a340de58f40d5017b4949d99722d7e4f0e24b182455bdd258000d4bb1d7b4adcf9f8979b97049b99fe9defa9db8e18a78071d2637ac143fb
  languageName: node
  linkType: hard

"is-arguments@npm:^1.1.1":
  version: 1.1.1
  resolution: "is-arguments@npm:1.1.1"
  dependencies:
    call-bind: "npm:^1.0.2"
    has-tostringtag: "npm:^1.0.0"
  checksum: 5ff1f341ee4475350adfc14b2328b38962564b7c2076be2f5bac7bd9b61779efba99b9f844a7b82ba7654adccf8e8eb19d1bb0cc6d1c1a085e498f6793d4328f
  languageName: node
  linkType: hard

"is-array-buffer@npm:^3.0.1, is-array-buffer@npm:^3.0.2":
  version: 3.0.2
  resolution: "is-array-buffer@npm:3.0.2"
  dependencies:
    call-bind: "npm:^1.0.2"
    get-intrinsic: "npm:^1.2.0"
    is-typed-array: "npm:^1.1.10"
  checksum: 40ed13a5f5746ac3ae2f2e463687d9b5a3f5fd0086f970fb4898f0253c2a5ec2e3caea2d664dd8f54761b1c1948609702416921a22faebe160c7640a9217c80e
  languageName: node
  linkType: hard

"is-bigint@npm:^1.0.1":
  version: 1.0.4
  resolution: "is-bigint@npm:1.0.4"
  dependencies:
    has-bigints: "npm:^1.0.1"
  checksum: eb9c88e418a0d195ca545aff2b715c9903d9b0a5033bc5922fec600eb0c3d7b1ee7f882dbf2e0d5a6e694e42391be3683e4368737bd3c4a77f8ac293e7773696
  languageName: node
  linkType: hard

"is-boolean-object@npm:^1.1.0":
  version: 1.1.2
  resolution: "is-boolean-object@npm:1.1.2"
  dependencies:
    call-bind: "npm:^1.0.2"
    has-tostringtag: "npm:^1.0.0"
  checksum: 6090587f8a8a8534c0f816da868bc94f32810f08807aa72fa7e79f7e11c466d281486ffe7a788178809c2aa71fe3e700b167fe80dd96dad68026bfff8ebf39f7
  languageName: node
  linkType: hard

"is-callable@npm:^1.1.3, is-callable@npm:^1.1.4, is-callable@npm:^1.2.7":
  version: 1.2.7
  resolution: "is-callable@npm:1.2.7"
  checksum: ceebaeb9d92e8adee604076971dd6000d38d6afc40bb843ea8e45c5579b57671c3f3b50d7f04869618242c6cee08d1b67806a8cb8edaaaf7c0748b3720d6066f
  languageName: node
  linkType: hard

"is-core-module@npm:^2.13.0":
  version: 2.13.1
  resolution: "is-core-module@npm:2.13.1"
  dependencies:
    hasown: "npm:^2.0.0"
  checksum: 2cba9903aaa52718f11c4896dabc189bab980870aae86a62dc0d5cedb546896770ee946fb14c84b7adf0735f5eaea4277243f1b95f5cefa90054f92fbcac2518
  languageName: node
  linkType: hard

"is-date-object@npm:^1.0.1, is-date-object@npm:^1.0.5":
  version: 1.0.5
  resolution: "is-date-object@npm:1.0.5"
  dependencies:
    has-tostringtag: "npm:^1.0.0"
  checksum: eed21e5dcc619c48ccef804dfc83a739dbb2abee6ca202838ee1bd5f760fe8d8a93444f0d49012ad19bb7c006186e2884a1b92f6e1c056da7fd23d0a9ad5992e
  languageName: node
  linkType: hard

"is-module@npm:^1.0.0":
  version: 1.0.0
  resolution: "is-module@npm:1.0.0"
  checksum: 795a3914bcae7c26a1c23a1e5574c42eac13429625045737bf3e324ce865c0601d61aee7a5afbca1bee8cb300c7d9647e7dc98860c9bdbc3b7fdc51d8ac0bffc
  languageName: node
  linkType: hard

"is-negative-zero@npm:^2.0.2":
  version: 2.0.2
  resolution: "is-negative-zero@npm:2.0.2"
  checksum: eda024c158f70f2017f3415e471b818d314da5ef5be68f801b16314d4a4b6304a74cbed778acf9e2f955bb9c1c5f2935c1be0c7c99e1ad12286f45366217b6a3
  languageName: node
  linkType: hard

"is-number-object@npm:^1.0.4":
  version: 1.0.7
  resolution: "is-number-object@npm:1.0.7"
  dependencies:
    has-tostringtag: "npm:^1.0.0"
  checksum: aad266da1e530f1804a2b7bd2e874b4869f71c98590b3964f9d06cc9869b18f8d1f4778f838ecd2a11011bce20aeecb53cb269ba916209b79c24580416b74b1b
  languageName: node
  linkType: hard

"is-regex@npm:^1.1.4, is-regex@npm:~1.1.4":
  version: 1.1.4
  resolution: "is-regex@npm:1.1.4"
  dependencies:
    call-bind: "npm:^1.0.2"
    has-tostringtag: "npm:^1.0.0"
  checksum: bb72aae604a69eafd4a82a93002058c416ace8cde95873589a97fc5dac96a6c6c78a9977d487b7b95426a8f5073969124dd228f043f9f604f041f32fcc465fc1
  languageName: node
  linkType: hard

"is-shared-array-buffer@npm:^1.0.2":
  version: 1.0.2
  resolution: "is-shared-array-buffer@npm:1.0.2"
  dependencies:
    call-bind: "npm:^1.0.2"
  checksum: cfeee6f171f1b13e6cbc6f3b6cc44e192b93df39f3fcb31aa66ffb1d2df3b91e05664311659f9701baba62f5e98c83b0673c628e7adc30f55071c4874fcdccec
  languageName: node
  linkType: hard

"is-string@npm:^1.0.5, is-string@npm:^1.0.7":
  version: 1.0.7
  resolution: "is-string@npm:1.0.7"
  dependencies:
    has-tostringtag: "npm:^1.0.0"
  checksum: 905f805cbc6eedfa678aaa103ab7f626aac9ebbdc8737abb5243acaa61d9820f8edc5819106b8fcd1839e33db21de9f0116ae20de380c8382d16dc2a601921f6
  languageName: node
  linkType: hard

"is-symbol@npm:^1.0.2, is-symbol@npm:^1.0.3":
  version: 1.0.4
  resolution: "is-symbol@npm:1.0.4"
  dependencies:
    has-symbols: "npm:^1.0.2"
  checksum: 9381dd015f7c8906154dbcbf93fad769de16b4b961edc94f88d26eb8c555935caa23af88bda0c93a18e65560f6d7cca0fd5a3f8a8e1df6f1abbb9bead4502ef7
  languageName: node
  linkType: hard

"is-typed-array@npm:^1.1.10, is-typed-array@npm:^1.1.12, is-typed-array@npm:^1.1.9":
  version: 1.1.12
  resolution: "is-typed-array@npm:1.1.12"
  dependencies:
    which-typed-array: "npm:^1.1.11"
  checksum: 9863e9cc7223c6fc1c462a2c3898a7beff6b41b1ee0fabb03b7d278ae7de670b5bcbc8627db56bb66ed60902fa37d53fe5cce0fd2f7d73ac64fe5da6f409b6ae
  languageName: node
  linkType: hard

"is-weakref@npm:^1.0.2":
  version: 1.0.2
  resolution: "is-weakref@npm:1.0.2"
  dependencies:
    call-bind: "npm:^1.0.2"
  checksum: 1545c5d172cb690c392f2136c23eec07d8d78a7f57d0e41f10078aa4f5daf5d7f57b6513a67514ab4f073275ad00c9822fc8935e00229d0a2089e1c02685d4b1
  languageName: node
  linkType: hard

"isarray@npm:^2.0.5":
  version: 2.0.5
  resolution: "isarray@npm:2.0.5"
  checksum: 4199f14a7a13da2177c66c31080008b7124331956f47bca57dd0b6ea9f11687aa25e565a2c7a2b519bc86988d10398e3049a1f5df13c9f6b7664154690ae79fd
  languageName: node
  linkType: hard

"minimatch@npm:^3.0.4, minimatch@npm:^3.1.1":
  version: 3.1.2
  resolution: "minimatch@npm:3.1.2"
  dependencies:
    brace-expansion: "npm:^1.1.7"
  checksum: 0262810a8fc2e72cca45d6fd86bd349eee435eb95ac6aa45c9ea2180e7ee875ef44c32b55b5973ceabe95ea12682f6e3725cbb63d7a2d1da3ae1163c8b210311
  languageName: node
  linkType: hard

"minimist@npm:~1.2.8":
  version: 1.2.8
  resolution: "minimist@npm:1.2.8"
  checksum: 19d3fcdca050087b84c2029841a093691a91259a47def2f18222f41e7645a0b7c44ef4b40e88a1e58a40c84d2ef0ee6047c55594d298146d0eb3f6b737c20ce6
  languageName: node
  linkType: hard

"mock-property@npm:~1.0.0":
  version: 1.0.3
  resolution: "mock-property@npm:1.0.3"
  dependencies:
    define-data-property: "npm:^1.1.1"
    functions-have-names: "npm:^1.2.3"
    gopd: "npm:^1.0.1"
    has-property-descriptors: "npm:^1.0.0"
    hasown: "npm:^2.0.0"
    isarray: "npm:^2.0.5"
  checksum: faab39ef1f90fe52367f5173bf8aa2d795fb13998eea2f028f94d4d822809fdfe880627f79c39b759a265697fa88b659bef0fd9593926db6c265f3d9566bd89b
  languageName: node
  linkType: hard

"object-inspect@npm:^1.13.1, object-inspect@npm:^1.9.0":
  version: 1.13.1
  resolution: "object-inspect@npm:1.13.1"
  checksum: fad603f408e345c82e946abdf4bfd774260a5ed3e5997a0b057c44153ac32c7271ff19e3a5ae39c858da683ba045ccac2f65245c12763ce4e8594f818f4a648d
  languageName: node
  linkType: hard

"object-inspect@npm:~1.12.3":
  version: 1.12.3
  resolution: "object-inspect@npm:1.12.3"
  checksum: 752bb5f4dc595e214157ea8f442adb77bdb850ace762b078d151d8b6486331ab12364997a89ee6509be1023b15adf2b3774437a7105f8a5043dfda11ed622411
  languageName: node
  linkType: hard

"object-is@npm:^1.1.5":
  version: 1.1.5
  resolution: "object-is@npm:1.1.5"
  dependencies:
    call-bind: "npm:^1.0.2"
    define-properties: "npm:^1.1.3"
  checksum: 8c263fb03fc28f1ffb54b44b9147235c5e233dc1ca23768e7d2569740b5d860154d7cc29a30220fe28ed6d8008e2422aefdebfe987c103e1c5d190cf02d9d886
  languageName: node
  linkType: hard

"object-keys@npm:^1.1.1":
  version: 1.1.1
  resolution: "object-keys@npm:1.1.1"
  checksum: b11f7ccdbc6d406d1f186cdadb9d54738e347b2692a14439ca5ac70c225fa6db46db809711b78589866d47b25fc3e8dee0b4c722ac751e11180f9380e3d8601d
  languageName: node
  linkType: hard

"object.assign@npm:^4.1.4":
  version: 4.1.5
  resolution: "object.assign@npm:4.1.5"
  dependencies:
    call-bind: "npm:^1.0.5"
    define-properties: "npm:^1.2.1"
    has-symbols: "npm:^1.0.3"
    object-keys: "npm:^1.1.1"
  checksum: 60108e1fa2706f22554a4648299b0955236c62b3685c52abf4988d14fffb0e7731e00aa8c6448397e3eb63d087dcc124a9f21e1980f36d0b2667f3c18bacd469
  languageName: node
  linkType: hard

"once@npm:^1.3.0":
  version: 1.4.0
  resolution: "once@npm:1.4.0"
  dependencies:
    wrappy: "npm:1"
  checksum: 5d48aca287dfefabd756621c5dfce5c91a549a93e9fdb7b8246bc4c4790aa2ec17b34a260530474635147aeb631a2dcc8b32c613df0675f96041cbb8244517d0
  languageName: node
  linkType: hard

"package-preamble@npm:0.1":
  version: 0.1.0
  resolution: "package-preamble@npm:0.1.0"
  bin:
    preamble: ./bin/preamble
  checksum: 1218ba389da088a550157e756884f358726e6f2434617e0e2d991e343d416c66979e12ede0eff30a1df45016ce72b71c8cdfdbe23eee3cac9997132ce8a21a50
  languageName: node
  linkType: hard

"path-is-absolute@npm:^1.0.0":
  version: 1.0.1
  resolution: "path-is-absolute@npm:1.0.1"
  checksum: 127da03c82172a2a50099cddbf02510c1791fc2cc5f7713ddb613a56838db1e8168b121a920079d052e0936c23005562059756d653b7c544c53185efe53be078
  languageName: node
  linkType: hard

"path-parse@npm:^1.0.7":
  version: 1.0.7
  resolution: "path-parse@npm:1.0.7"
  checksum: 11ce261f9d294cc7a58d6a574b7f1b935842355ec66fba3c3fd79e0f036462eaf07d0aa95bb74ff432f9afef97ce1926c720988c6a7451d8a584930ae7de86e1
  languageName: node
  linkType: hard

"path-source@npm:0.1":
  version: 0.1.3
  resolution: "path-source@npm:0.1.3"
  dependencies:
    array-source: "npm:0.0"
    file-source: "npm:0.6"
  checksum: 8814d7a845695ddeb03df57911359b7950083f3adcab56145f85da99e3c73f9c88b1848a01b06c70217efd4f0bbae5a9c6838c81e093a5ef1b7e2894133003e3
  languageName: node
  linkType: hard

"regexp.prototype.flags@npm:^1.5.1":
  version: 1.5.1
  resolution: "regexp.prototype.flags@npm:1.5.1"
  dependencies:
    call-bind: "npm:^1.0.2"
    define-properties: "npm:^1.2.0"
    set-function-name: "npm:^2.0.0"
  checksum: 1de7d214c0a726c7c874a7023e47b0e27b9f7fdb64175bfe1861189de1704aaeca05c3d26c35aa375432289b99946f3cf86651a92a8f7601b90d8c226a23bcd8
  languageName: node
  linkType: hard

"resolve@npm:^1.1.6, resolve@npm:~1.22.6":
  version: 1.22.8
  resolution: "resolve@npm:1.22.8"
  dependencies:
    is-core-module: "npm:^2.13.0"
    path-parse: "npm:^1.0.7"
    supports-preserve-symlinks-flag: "npm:^1.0.0"
  bin:
    resolve: bin/resolve
  checksum: 07e179f4375e1fd072cfb72ad66d78547f86e6196c4014b31cb0b8bb1db5f7ca871f922d08da0fbc05b94e9fd42206f819648fa3b5b873ebbc8e1dc68fec433a
  languageName: node
  linkType: hard

"resolve@patch:resolve@npm%3A^1.1.6#optional!builtin<compat/resolve>, resolve@patch:resolve@npm%3A~1.22.6#optional!builtin<compat/resolve>":
  version: 1.22.8
  resolution: "resolve@patch:resolve@npm%3A1.22.8#optional!builtin<compat/resolve>::version=1.22.8&hash=c3c19d"
  dependencies:
    is-core-module: "npm:^2.13.0"
    path-parse: "npm:^1.0.7"
    supports-preserve-symlinks-flag: "npm:^1.0.0"
  bin:
    resolve: bin/resolve
  checksum: 0446f024439cd2e50c6c8fa8ba77eaa8370b4180f401a96abf3d1ebc770ac51c1955e12764cde449fde3fff480a61f84388e3505ecdbab778f4bef5f8212c729
  languageName: node
  linkType: hard

"rollup-plugin-node-resolve@npm:3":
  version: 3.4.0
  resolution: "rollup-plugin-node-resolve@npm:3.4.0"
  dependencies:
    builtin-modules: "npm:^2.0.0"
    is-module: "npm:^1.0.0"
    resolve: "npm:^1.1.6"
  checksum: c4c3f772b3686a547a93aa1e22b91e2598b1f3ca5d493487ce510dfb1ea14e3f69e0186dd915f68421ad18710fff020572ba68a5adacae2ae7326938038ca89e
  languageName: node
  linkType: hard

"rollup@npm:0.49":
  version: 0.49.3
  resolution: "rollup@npm:0.49.3"
  bin:
    rollup: ./bin/rollup
  checksum: 2cebb09b8a180fe6b92b18705867e66708d922abf18d8666a1ff3bb5fa8adc131998297cae5fd3ca5027b76023d1341030f8f1cbb18e83a82540d58cd70e6cf5
  languageName: node
  linkType: hard

"safe-array-concat@npm:^1.0.1":
  version: 1.0.1
  resolution: "safe-array-concat@npm:1.0.1"
  dependencies:
    call-bind: "npm:^1.0.2"
    get-intrinsic: "npm:^1.2.1"
    has-symbols: "npm:^1.0.3"
    isarray: "npm:^2.0.5"
  checksum: 4b15ce5fce5ce4d7e744a63592cded88d2f27806ed229eadb2e42629cbcd40e770f7478608e75f455e7fe341acd8c0a01bdcd7146b10645ea7411c5e3c1d1dd8
  languageName: node
  linkType: hard

"safe-regex-test@npm:^1.0.0":
  version: 1.0.0
  resolution: "safe-regex-test@npm:1.0.0"
  dependencies:
    call-bind: "npm:^1.0.2"
    get-intrinsic: "npm:^1.1.3"
    is-regex: "npm:^1.1.4"
  checksum: 14a81a7e683f97b2d6e9c8be61fddcf8ed7a02f4e64a825515f96bb1738eb007145359313741d2704d28b55b703a0f6300c749dde7c1dbc13952a2b85048ede2
  languageName: node
  linkType: hard

"set-function-length@npm:^1.1.1":
  version: 1.1.1
  resolution: "set-function-length@npm:1.1.1"
  dependencies:
    define-data-property: "npm:^1.1.1"
    get-intrinsic: "npm:^1.2.1"
    gopd: "npm:^1.0.1"
    has-property-descriptors: "npm:^1.0.0"
  checksum: a29e255c116c29e3323b851c4f46c58c91be9bb8b065f191e2ea1807cb2c839df56e3175732a498e0c6d54626ba6b6fef896bf699feb7ab70c42dc47eb247c95
  languageName: node
  linkType: hard

"set-function-name@npm:^2.0.0":
  version: 2.0.1
  resolution: "set-function-name@npm:2.0.1"
  dependencies:
    define-data-property: "npm:^1.0.1"
    functions-have-names: "npm:^1.2.3"
    has-property-descriptors: "npm:^1.0.0"
  checksum: 6be7d3e15be47f4db8a5a563a35c60b5e7c4af91cc900e8972ffad33d3aaa227900faa55f60121cdb04b85866a734bb7fe4cd91f654c632861cc86121a48312a
  languageName: node
  linkType: hard

"shapefile@workspace:.":
  version: 0.0.0-use.local
  resolution: "shapefile@workspace:."
  dependencies:
    array-source: "npm:0.0"
    commander: "npm:2"
    package-preamble: "npm:0.1"
    path-source: "npm:0.1"
    rollup: "npm:0.49"
    rollup-plugin-node-resolve: "npm:3"
    slice-source: "npm:0.4"
    stream-source: "npm:0.3"
    tape: "npm:4"
    text-encoding: "npm:^0.6.4"
    uglify-js: "npm:3"
  bin:
    dbf2json: bin/dbf2json
    shp2json: bin/shp2json
  languageName: unknown
  linkType: soft

"side-channel@npm:^1.0.4":
  version: 1.0.4
  resolution: "side-channel@npm:1.0.4"
  dependencies:
    call-bind: "npm:^1.0.0"
    get-intrinsic: "npm:^1.0.2"
    object-inspect: "npm:^1.9.0"
  checksum: 054a5d23ee35054b2c4609b9fd2a0587760737782b5d765a9c7852264710cc39c6dcb56a9bbd6c12cd84071648aea3edb2359d2f6e560677eedadce511ac1da5
  languageName: node
  linkType: hard

"slice-source@npm:0.4":
  version: 0.4.1
  resolution: "slice-source@npm:0.4.1"
  checksum: a36569e6d202c2cade2b943011807426104e90b0573d773ad80421013fd3ffab4da0f49fb0602b5adf06745313d79316349c60e1afc179da8a752d2c2b6de2f0
  languageName: node
  linkType: hard

"stream-source@npm:0.3":
  version: 0.3.5
  resolution: "stream-source@npm:0.3.5"
  checksum: 9acd4d8924fe232f711b91390d4a4ed98667709b59c166dae242292c8ebf8bc9ea026f93d160097cd7dffe432cd8eaedefb33b22e76c7719c33068bb9e91cafa
  languageName: node
  linkType: hard

"string.prototype.trim@npm:^1.2.8, string.prototype.trim@npm:~1.2.8":
  version: 1.2.8
  resolution: "string.prototype.trim@npm:1.2.8"
  dependencies:
    call-bind: "npm:^1.0.2"
    define-properties: "npm:^1.2.0"
    es-abstract: "npm:^1.22.1"
  checksum: 4f76c583908bcde9a71208ddff38f67f24c9ec8093631601666a0df8b52fad44dad2368c78895ce83eb2ae8e7068294cc96a02fc971ab234e4d5c9bb61ea4e34
  languageName: node
  linkType: hard

"string.prototype.trimend@npm:^1.0.7":
  version: 1.0.7
  resolution: "string.prototype.trimend@npm:1.0.7"
  dependencies:
    call-bind: "npm:^1.0.2"
    define-properties: "npm:^1.2.0"
    es-abstract: "npm:^1.22.1"
  checksum: 53c24911c7c4d8d65f5ef5322de23a3d5b6b4db73273e05871d5ab4571ae5638f38f7f19d71d09116578fb060e5a145cc6a208af2d248c8baf7a34f44d32ce57
  languageName: node
  linkType: hard

"string.prototype.trimstart@npm:^1.0.7":
  version: 1.0.7
  resolution: "string.prototype.trimstart@npm:1.0.7"
  dependencies:
    call-bind: "npm:^1.0.2"
    define-properties: "npm:^1.2.0"
    es-abstract: "npm:^1.22.1"
  checksum: 0bcf391b41ea16d4fda9c9953d0a7075171fe090d33b4cf64849af94944c50862995672ac03e0c5dba2940a213ad7f53515a668dac859ce22a0276289ae5cf4f
  languageName: node
  linkType: hard

"supports-preserve-symlinks-flag@npm:^1.0.0":
  version: 1.0.0
  resolution: "supports-preserve-symlinks-flag@npm:1.0.0"
  checksum: 6c4032340701a9950865f7ae8ef38578d8d7053f5e10518076e6554a9381fa91bd9c6850193695c141f32b21f979c985db07265a758867bac95de05f7d8aeb39
  languageName: node
  linkType: hard

"tape@npm:4":
  version: 4.17.0
  resolution: "tape@npm:4.17.0"
  dependencies:
    "@ljharb/resumer": "npm:~0.0.1"
    "@ljharb/through": "npm:~2.3.9"
    call-bind: "npm:~1.0.2"
    deep-equal: "npm:~1.1.1"
    defined: "npm:~1.0.1"
    dotignore: "npm:~0.1.2"
    for-each: "npm:~0.3.3"
    glob: "npm:~7.2.3"
    has: "npm:~1.0.3"
    inherits: "npm:~2.0.4"
    is-regex: "npm:~1.1.4"
    minimist: "npm:~1.2.8"
    mock-property: "npm:~1.0.0"
    object-inspect: "npm:~1.12.3"
    resolve: "npm:~1.22.6"
    string.prototype.trim: "npm:~1.2.8"
  bin:
    tape: bin/tape
  checksum: 985543b1df1fb9094dde152478dd7545b46ae0af97dd184061cd00dead7e30261184ac520c6cbe4a99b4b57cfb748f33a16e5974cef539993e8a7f7d3e4421c4
  languageName: node
  linkType: hard

"text-encoding@npm:^0.6.4":
  version: 0.6.4
  resolution: "text-encoding@npm:0.6.4"
  checksum: 3d0c4e99a9ce2849fba99b2eacf6740337d32796fe331a91101104bfe3863ba38d987018d5bba959217f5cc134c5cf4008711a777a7fbf5357d384c25cb75095
  languageName: node
  linkType: hard

"typed-array-buffer@npm:^1.0.0":
  version: 1.0.0
  resolution: "typed-array-buffer@npm:1.0.0"
  dependencies:
    call-bind: "npm:^1.0.2"
    get-intrinsic: "npm:^1.2.1"
    is-typed-array: "npm:^1.1.10"
  checksum: ebad66cdf00c96b1395dffc7873169cf09801fca5954507a484f41f253feb1388d815db297b0b3bb8ce7421eac6f7ff45e2ec68450a3d68408aa4ae02fcf3a6c
  languageName: node
  linkType: hard

"typed-array-byte-length@npm:^1.0.0":
  version: 1.0.0
  resolution: "typed-array-byte-length@npm:1.0.0"
  dependencies:
    call-bind: "npm:^1.0.2"
    for-each: "npm:^0.3.3"
    has-proto: "npm:^1.0.1"
    is-typed-array: "npm:^1.1.10"
  checksum: 6696435d53ce0e704ff6760c57ccc35138aec5f87859e03eb2a3246336d546feae367952dbc918116f3f0dffbe669734e3cbd8960283c2fa79aac925db50d888
  languageName: node
  linkType: hard

"typed-array-byte-offset@npm:^1.0.0":
  version: 1.0.0
  resolution: "typed-array-byte-offset@npm:1.0.0"
  dependencies:
    available-typed-arrays: "npm:^1.0.5"
    call-bind: "npm:^1.0.2"
    for-each: "npm:^0.3.3"
    has-proto: "npm:^1.0.1"
    is-typed-array: "npm:^1.1.10"
  checksum: 4036ce007ae9752931bed3dd61e0d6de2a3e5f6a5a85a05f3adb35388d2c0728f9b1a1e638d75579f168e49c289bfb5417f00e96d4ab081f38b647fc854ff7a5
  languageName: node
  linkType: hard

"typed-array-length@npm:^1.0.4":
  version: 1.0.4
  resolution: "typed-array-length@npm:1.0.4"
  dependencies:
    call-bind: "npm:^1.0.2"
    for-each: "npm:^0.3.3"
    is-typed-array: "npm:^1.1.9"
  checksum: c5163c0103d07fefc8a2ad0fc151f9ca9a1f6422098c00f695d55f9896e4d63614cd62cf8d8a031c6cee5f418e8980a533796597174da4edff075b3d275a7e23
  languageName: node
  linkType: hard

"uglify-js@npm:3":
  version: 3.17.4
  resolution: "uglify-js@npm:3.17.4"
  bin:
    uglifyjs: bin/uglifyjs
  checksum: 8b7fcdca69deb284fed7d2025b73eb747ce37f9aca6af53422844f46427152d5440601b6e2a033e77856a2f0591e4167153d5a21b68674ad11f662034ec13ced
  languageName: node
  linkType: hard

"unbox-primitive@npm:^1.0.2":
  version: 1.0.2
  resolution: "unbox-primitive@npm:1.0.2"
  dependencies:
    call-bind: "npm:^1.0.2"
    has-bigints: "npm:^1.0.2"
    has-symbols: "npm:^1.0.3"
    which-boxed-primitive: "npm:^1.0.2"
  checksum: 81ca2e81134167cc8f75fa79fbcc8a94379d6c61de67090986a2273850989dd3bae8440c163121b77434b68263e34787a675cbdcb34bb2f764c6b9c843a11b66
  languageName: node
  linkType: hard

"which-boxed-primitive@npm:^1.0.2":
  version: 1.0.2
  resolution: "which-boxed-primitive@npm:1.0.2"
  dependencies:
    is-bigint: "npm:^1.0.1"
    is-boolean-object: "npm:^1.1.0"
    is-number-object: "npm:^1.0.4"
    is-string: "npm:^1.0.5"
    is-symbol: "npm:^1.0.3"
  checksum: 0a62a03c00c91dd4fb1035b2f0733c341d805753b027eebd3a304b9cb70e8ce33e25317add2fe9b5fea6f53a175c0633ae701ff812e604410ddd049777cd435e
  languageName: node
  linkType: hard

"which-typed-array@npm:^1.1.11, which-typed-array@npm:^1.1.13":
  version: 1.1.13
  resolution: "which-typed-array@npm:1.1.13"
  dependencies:
    available-typed-arrays: "npm:^1.0.5"
    call-bind: "npm:^1.0.4"
    for-each: "npm:^0.3.3"
    gopd: "npm:^1.0.1"
    has-tostringtag: "npm:^1.0.0"
  checksum: 9f5f1c42918df3d5b91c4315ed0051d5d874370998bf095c9ae0df374f0881f85094e3c384b8fb08ab7b4d4f54ba81c0aff75da6226e7c0589b83dfbec1cd4c9
  languageName: node
  linkType: hard

"wrappy@npm:1":
  version: 1.0.2
  resolution: "wrappy@npm:1.0.2"
  checksum: 56fece1a4018c6a6c8e28fbc88c87e0fbf4ea8fd64fc6c63b18f4acc4bd13e0ad2515189786dd2c30d3eec9663d70f4ecf699330002f8ccb547e4a18231fc9f0
  languageName: node
  linkType: hard
